# This file is automatically @generated by Cargo.
# It is not intended for manual editing.
version = 3

[[package]]
name = "aho-corasick"
version = "1.1.3"
source = "registry+https://github.com/rust-lang/crates.io-index"
checksum = "8e60d3430d3a69478ad0993f19238d2df97c507009a52b3c10addcd7f6bcb916"
dependencies = [
 "memchr",
]

[[package]]
name = "always-assert"
version = "0.2.0"
source = "registry+https://github.com/rust-lang/crates.io-index"
checksum = "a1078fa1ce1e34b1872d8611ad921196d76bdd7027e949fbe31231abde201892"
dependencies = [
 "tracing",
]

[[package]]
name = "anyhow"
version = "1.0.86"
source = "registry+https://github.com/rust-lang/crates.io-index"
checksum = "b3d1d046238990b9cf5bcde22a3fb3584ee5cf65fb2765f454ed428c7a0063da"

[[package]]
name = "arrayvec"
version = "0.7.4"
source = "registry+https://github.com/rust-lang/crates.io-index"
checksum = "96d30a06541fbafbc7f82ed10c06164cfbd2c401138f6addd8404629c4b16711"

[[package]]
name = "autocfg"
version = "1.3.0"
source = "registry+https://github.com/rust-lang/crates.io-index"
checksum = "0c4b4d0bd25bd0b74681c0ad21497610ce1b7c91b1022cd21c80c6fbdd9476b0"

[[package]]
name = "bitflags"
version = "1.3.2"
source = "registry+https://github.com/rust-lang/crates.io-index"
checksum = "bef38d45163c2f1dde094a7dfd33ccf595c92905c8f8f4fdc18d06fb1037718a"

[[package]]
name = "bitflags"
version = "2.5.0"
source = "registry+https://github.com/rust-lang/crates.io-index"
checksum = "cf4b9d6a944f767f8e5e0db018570623c85f3d925ac718db4e06d0187adb21c1"

[[package]]
name = "camino"
version = "1.1.7"
source = "registry+https://github.com/rust-lang/crates.io-index"
checksum = "e0ec6b951b160caa93cc0c7b209e5a3bff7aae9062213451ac99493cd844c239"
dependencies = [
 "serde",
]

[[package]]
name = "cargo-platform"
version = "0.1.8"
source = "registry+https://github.com/rust-lang/crates.io-index"
checksum = "24b1f0365a6c6bb4020cd05806fd0d33c44d38046b8bd7f0e40814b9763cabfc"
dependencies = [
 "serde",
]

[[package]]
name = "cargo_metadata"
version = "0.18.1"
source = "registry+https://github.com/rust-lang/crates.io-index"
checksum = "2d886547e41f740c616ae73108f6eb70afe6d940c7bc697cb30f13daec073037"
dependencies = [
 "camino",
 "cargo-platform",
 "semver",
 "serde",
 "serde_json",
 "thiserror",
]

[[package]]
name = "cfg-if"
version = "1.0.0"
source = "registry+https://github.com/rust-lang/crates.io-index"
checksum = "baf1de4339761588bc0619e3cbc0120ee582ebb74b53b4efbf79117bd2da40fd"

[[package]]
name = "chalk-derive"
version = "0.97.0"
source = "registry+https://github.com/rust-lang/crates.io-index"
checksum = "92a0aedc4ac2adc5c0b7dc9ec38c5c816284ad28da6d4ecd01873b9683f54972"
dependencies = [
 "proc-macro2",
 "quote",
 "syn",
 "synstructure",
]

[[package]]
name = "chalk-ir"
version = "0.97.0"
source = "registry+https://github.com/rust-lang/crates.io-index"
checksum = "db18493569b190f7266a04901e520fc3a5c00564475154287906f8a27302c119"
dependencies = [
 "bitflags 2.5.0",
 "chalk-derive",
]

[[package]]
name = "chalk-recursive"
version = "0.97.0"
source = "registry+https://github.com/rust-lang/crates.io-index"
checksum = "ae4ba8ce5bd2e1b59f1f79495bc8704db09a8285e51cc5ddf01d9baee1bf447d"
dependencies = [
 "chalk-derive",
 "chalk-ir",
 "chalk-solve",
 "rustc-hash",
 "tracing",
]

[[package]]
name = "chalk-solve"
version = "0.97.0"
source = "registry+https://github.com/rust-lang/crates.io-index"
checksum = "b2ec1b3b7f7b1ec38f099ef39c2bc3ea29335be1b8316d114baff46d96d131e9"
dependencies = [
 "chalk-derive",
 "chalk-ir",
 "ena",
 "indexmap",
 "itertools",
 "petgraph",
 "rustc-hash",
 "tracing",
]

[[package]]
name = "countme"
version = "3.0.1"
source = "registry+https://github.com/rust-lang/crates.io-index"
checksum = "7704b5fdd17b18ae31c4c1da5a2e0305a2bf17b5249300a9ee9ed7b72114c636"
dependencies = [
 "dashmap",
 "once_cell",
 "rustc-hash",
]

[[package]]
name = "cov-mark"
version = "2.0.0-pre.1"
source = "registry+https://github.com/rust-lang/crates.io-index"
checksum = "0d48d8f76bd9331f19fe2aaf3821a9f9fb32c3963e1e3d6ce82a8c09cef7444a"

[[package]]
name = "crossbeam-channel"
version = "0.5.13"
source = "registry+https://github.com/rust-lang/crates.io-index"
checksum = "33480d6946193aa8033910124896ca395333cae7e2d1113d1fef6c3272217df2"
dependencies = [
 "crossbeam-utils",
]

[[package]]
name = "crossbeam-utils"
version = "0.8.20"
source = "registry+https://github.com/rust-lang/crates.io-index"
checksum = "22ec99545bb0ed0ea7bb9b8e1e9122ea386ff8a48c0922e43f36d45ab09e0e80"

[[package]]
name = "dashmap"
version = "5.5.3"
source = "registry+https://github.com/rust-lang/crates.io-index"
checksum = "978747c1d849a7d2ee5e8adc0159961c48fb7e5db2f06af6723b80123bb53856"
dependencies = [
 "cfg-if",
 "hashbrown",
 "lock_api",
 "once_cell",
 "parking_lot_core",
]

[[package]]
name = "drop_bomb"
version = "0.1.5"
source = "registry+https://github.com/rust-lang/crates.io-index"
checksum = "9bda8e21c04aca2ae33ffc2fd8c23134f3cac46db123ba97bd9d3f3b8a4a85e1"

[[package]]
name = "either"
version = "1.12.0"
source = "registry+https://github.com/rust-lang/crates.io-index"
checksum = "3dca9240753cf90908d7e4aac30f630662b02aebaa1b58a3cadabdb23385b58b"

[[package]]
name = "ena"
version = "0.14.3"
source = "registry+https://github.com/rust-lang/crates.io-index"
checksum = "3d248bdd43ce613d87415282f69b9bb99d947d290b10962dd6c56233312c2ad5"
dependencies = [
 "log",
]

[[package]]
name = "equivalent"
version = "1.0.1"
source = "registry+https://github.com/rust-lang/crates.io-index"
checksum = "5443807d6dff69373d433ab9ef5378ad8df50ca6298caf15de6e52e24aaf54d5"

[[package]]
name = "fixedbitset"
version = "0.4.2"
source = "registry+https://github.com/rust-lang/crates.io-index"
checksum = "0ce7134b9999ecaf8bcd65542e436736ef32ddca1b3e06094cb6ec5755203b80"

[[package]]
name = "fst"
version = "0.4.7"
source = "registry+https://github.com/rust-lang/crates.io-index"
checksum = "7ab85b9b05e3978cc9a9cf8fea7f01b494e1a09ed3037e16ba39edc7a29eb61a"

[[package]]
name = "gensym"
version = "0.1.1"
source = "registry+https://github.com/rust-lang/crates.io-index"
checksum = "913dce4c5f06c2ea40fc178c06f777ac89fc6b1383e90c254fafb1abe4ba3c82"
dependencies = [
 "proc-macro2",
 "quote",
 "syn",
 "uuid",
]

[[package]]
name = "getrandom"
version = "0.2.15"
source = "registry+https://github.com/rust-lang/crates.io-index"
checksum = "c4567c8db10ae91089c99af84c68c38da3ec2f087c3f82960bcdbf3656b6f4d7"
dependencies = [
 "cfg-if",
 "libc",
 "wasi",
]

[[package]]
name = "glam"
version = "0.27.0"
source = "registry+https://github.com/rust-lang/crates.io-index"
checksum = "9e05e7e6723e3455f4818c7b26e855439f7546cf617ef669d1adedb8669e5cb9"

[[package]]
name = "godot"
version = "0.1.0"
source = "git+https://github.com/godot-rust/gdext?branch=master#e1f1ce3a23db3b445be4adc504d63611a663b9a9"
dependencies = [
 "godot-core",
 "godot-macros",
]

[[package]]
name = "godot-bindings"
version = "0.1.0"
source = "git+https://github.com/godot-rust/gdext?branch=master#e1f1ce3a23db3b445be4adc504d63611a663b9a9"
dependencies = [
 "godot4-prebuilt",
]

[[package]]
name = "godot-cell"
version = "0.1.0"
source = "git+https://github.com/godot-rust/gdext?branch=master#e1f1ce3a23db3b445be4adc504d63611a663b9a9"

[[package]]
name = "godot-codegen"
version = "0.1.0"
source = "git+https://github.com/godot-rust/gdext?branch=master#e1f1ce3a23db3b445be4adc504d63611a663b9a9"
dependencies = [
 "godot-bindings",
 "heck",
 "nanoserde",
 "proc-macro2",
 "quote",
 "regex",
]

[[package]]
name = "godot-core"
version = "0.1.0"
source = "git+https://github.com/godot-rust/gdext?branch=master#e1f1ce3a23db3b445be4adc504d63611a663b9a9"
dependencies = [
 "glam",
 "godot-bindings",
 "godot-cell",
 "godot-codegen",
 "godot-ffi",
]

[[package]]
name = "godot-ffi"
version = "0.1.0"
source = "git+https://github.com/godot-rust/gdext?branch=master#e1f1ce3a23db3b445be4adc504d63611a663b9a9"
dependencies = [
 "gensym",
 "godot-bindings",
 "godot-codegen",
 "libc",
 "paste",
]

[[package]]
name = "godot-macros"
version = "0.1.0"
source = "git+https://github.com/godot-rust/gdext?branch=master#e1f1ce3a23db3b445be4adc504d63611a663b9a9"
dependencies = [
 "godot-bindings",
 "proc-macro2",
 "quote",
 "venial",
]

[[package]]
name = "godot4-prebuilt"
version = "0.0.0"
source = "git+https://github.com/godot-rust/godot4-prebuilt?branch=4.2#3328a4cded2da9c9a3e2c4f7e42f649f677648ce"

[[package]]
name = "hashbrown"
version = "0.14.5"
source = "registry+https://github.com/rust-lang/crates.io-index"
checksum = "e5274423e17b7c9fc20b6e7e208532f9b19825d82dfd615708b70edd83df41f1"

[[package]]
name = "heck"
version = "0.4.1"
source = "registry+https://github.com/rust-lang/crates.io-index"
checksum = "95505c38b4572b2d910cecb0281560f54b440a19336cbbcb27bf6ce6adc6f5a8"

[[package]]
name = "home"
version = "0.5.9"
source = "registry+https://github.com/rust-lang/crates.io-index"
checksum = "e3d1354bf6b7235cb4a0576c2619fd4ed18183f689b12b006a0ee7329eeff9a5"
dependencies = [
 "windows-sys 0.52.0",
]

[[package]]
name = "indexmap"
version = "2.2.6"
source = "registry+https://github.com/rust-lang/crates.io-index"
checksum = "168fb715dda47215e360912c096649d23d58bf392ac62f73919e831745e40f26"
dependencies = [
 "equivalent",
 "hashbrown",
]

[[package]]
name = "itertools"
version = "0.12.1"
source = "registry+https://github.com/rust-lang/crates.io-index"
checksum = "ba291022dbbd398a455acf126c1e341954079855bc60dfdda641363bd6922569"
dependencies = [
 "either",
]

[[package]]
name = "itoa"
version = "1.0.11"
source = "registry+https://github.com/rust-lang/crates.io-index"
checksum = "49f1f14873335454500d59611f1cf4a4b0f786f9ac11f4312a78e4cf2566695b"

[[package]]
name = "jod-thread"
version = "0.1.2"
source = "registry+https://github.com/rust-lang/crates.io-index"
checksum = "8b23360e99b8717f20aaa4598f5a6541efbe30630039fbc7706cf954a87947ae"

[[package]]
name = "la-arena"
version = "0.3.1"
source = "registry+https://github.com/rust-lang/crates.io-index"
checksum = "3752f229dcc5a481d60f385fa479ff46818033d881d2d801aa27dffcfb5e8306"

[[package]]
name = "libc"
version = "0.2.155"
source = "registry+https://github.com/rust-lang/crates.io-index"
checksum = "97b3888a4aecf77e811145cadf6eef5901f4782c53886191b2f693f24761847c"

[[package]]
name = "lock_api"
version = "0.4.12"
source = "registry+https://github.com/rust-lang/crates.io-index"
checksum = "07af8b9cdd281b7915f413fa73f29ebd5d55d0d3f0155584dade1ff18cea1b17"
dependencies = [
 "autocfg",
 "scopeguard",
]

[[package]]
name = "log"
version = "0.4.21"
source = "registry+https://github.com/rust-lang/crates.io-index"
checksum = "90ed8c1e510134f979dbc4f070f87d4313098b704861a105fe34231c70a3901c"

[[package]]
name = "lz4_flex"
version = "0.11.3"
source = "registry+https://github.com/rust-lang/crates.io-index"
checksum = "75761162ae2b0e580d7e7c390558127e5f01b4194debd6221fd8c207fc80e3f5"

[[package]]
name = "memchr"
version = "2.7.2"
source = "registry+https://github.com/rust-lang/crates.io-index"
checksum = "6c8640c5d730cb13ebd907d8d04b52f55ac9a2eec55b440c8892f40d56c76c1d"

[[package]]
name = "memoffset"
version = "0.9.1"
source = "registry+https://github.com/rust-lang/crates.io-index"
checksum = "488016bfae457b036d996092f6cb448677611ce4449e970ceaf42695203f218a"
dependencies = [
 "autocfg",
]

[[package]]
name = "miow"
version = "0.6.0"
source = "registry+https://github.com/rust-lang/crates.io-index"
checksum = "359f76430b20a79f9e20e115b3428614e654f04fab314482fc0fda0ebd3c6044"
dependencies = [
 "windows-sys 0.48.0",
]

[[package]]
name = "nanoserde"
version = "0.1.37"
source = "registry+https://github.com/rust-lang/crates.io-index"
checksum = "5de9cf844ab1e25a0353525bd74cb889843a6215fa4a0d156fd446f4857a1b99"
dependencies = [
 "nanoserde-derive",
]

[[package]]
name = "nanoserde-derive"
version = "0.1.22"
source = "registry+https://github.com/rust-lang/crates.io-index"
checksum = "e943b2c21337b7e3ec6678500687cdc741b7639ad457f234693352075c082204"

[[package]]
name = "nohash-hasher"
version = "0.2.0"
source = "registry+https://github.com/rust-lang/crates.io-index"
checksum = "2bf50223579dc7cdcfb3bfcacf7069ff68243f8c363f62ffa99cf000a6b9c451"

[[package]]
name = "once_cell"
version = "1.19.0"
source = "registry+https://github.com/rust-lang/crates.io-index"
checksum = "3fdb12b2476b595f9358c5161aa467c2438859caa136dec86c26fdd2efe17b92"

[[package]]
name = "oorandom"
version = "11.1.3"
source = "registry+https://github.com/rust-lang/crates.io-index"
checksum = "0ab1bc2a289d34bd04a330323ac98a1b4bc82c9d9fcb1e66b63caa84da26b575"

[[package]]
name = "parking_lot"
version = "0.12.3"
source = "registry+https://github.com/rust-lang/crates.io-index"
checksum = "f1bf18183cf54e8d6059647fc3063646a1801cf30896933ec2311622cc4b9a27"
dependencies = [
 "lock_api",
 "parking_lot_core",
]

[[package]]
name = "parking_lot_core"
version = "0.9.10"
source = "registry+https://github.com/rust-lang/crates.io-index"
checksum = "1e401f977ab385c9e4e3ab30627d6f26d00e2c73eef317493c4ec6d468726cf8"
dependencies = [
 "cfg-if",
 "libc",
 "redox_syscall",
 "smallvec",
 "windows-targets 0.52.5",
]

[[package]]
name = "paste"
version = "1.0.15"
source = "registry+https://github.com/rust-lang/crates.io-index"
checksum = "57c0d7b74b563b49d38dae00a0c37d4d6de9b432382b2892f0574ddcae73fd0a"

[[package]]
name = "perf-event"
version = "0.4.7"
source = "registry+https://github.com/rust-lang/crates.io-index"
checksum = "5396562cd2eaa828445d6d34258ae21ee1eb9d40fe626ca7f51c8dccb4af9d66"
dependencies = [
 "libc",
 "perf-event-open-sys",
]

[[package]]
name = "perf-event-open-sys"
version = "1.0.1"
source = "registry+https://github.com/rust-lang/crates.io-index"
checksum = "ce9bedf5da2c234fdf2391ede2b90fabf585355f33100689bc364a3ea558561a"
dependencies = [
 "libc",
]

[[package]]
name = "petgraph"
version = "0.6.5"
source = "registry+https://github.com/rust-lang/crates.io-index"
checksum = "b4c5cc86750666a3ed20bdaf5ca2a0344f9c67674cae0515bec2da16fbaa47db"
dependencies = [
 "fixedbitset",
 "indexmap",
]

[[package]]
name = "pin-project-lite"
version = "0.2.14"
source = "registry+https://github.com/rust-lang/crates.io-index"
checksum = "bda66fc9667c18cb2758a2ac84d1167245054bcf85d5d1aaa6923f45801bdd02"

[[package]]
name = "proc-macro2"
version = "1.0.85"
source = "registry+https://github.com/rust-lang/crates.io-index"
checksum = "22244ce15aa966053a896d1accb3a6e68469b97c7f33f284b99f0d576879fc23"
dependencies = [
 "unicode-ident",
]

[[package]]
name = "quote"
version = "1.0.36"
source = "registry+https://github.com/rust-lang/crates.io-index"
checksum = "0fa76aaf39101c457836aec0ce2316dbdc3ab723cdda1c6bd4e6ad4208acaca7"
dependencies = [
 "proc-macro2",
]

[[package]]
name = "ra-ap-rustc_abi"
version = "0.53.0"
source = "registry+https://github.com/rust-lang/crates.io-index"
checksum = "80b1d613eee933486c0613a7bc26e515e46f43adf479d1edd5e537f983e9ce46"
dependencies = [
 "bitflags 2.5.0",
 "ra-ap-rustc_index 0.53.0",
 "tracing",
]

[[package]]
name = "ra-ap-rustc_index"
version = "0.44.0"
source = "registry+https://github.com/rust-lang/crates.io-index"
checksum = "9ad68bacffb87dcdbb23a3ce11261375078aaa06b85d348c49f39ffd5510dc20"
dependencies = [
 "arrayvec",
 "ra-ap-rustc_index_macros 0.44.0",
 "smallvec",
]

[[package]]
name = "ra-ap-rustc_index"
version = "0.53.0"
source = "registry+https://github.com/rust-lang/crates.io-index"
checksum = "f072060ac77e9e1a02cc20028095993af7e72cc0804779c68bcbf47b16de49c9"
dependencies = [
 "arrayvec",
 "ra-ap-rustc_index_macros 0.53.0",
 "smallvec",
]

[[package]]
name = "ra-ap-rustc_index_macros"
version = "0.44.0"
source = "registry+https://github.com/rust-lang/crates.io-index"
checksum = "8782aaf3a113837c533dfb1c45df91cd17e1fdd1d2f9a20c2e0d1976025c4f1f"
dependencies = [
 "proc-macro2",
 "quote",
 "syn",
 "synstructure",
]

[[package]]
name = "ra-ap-rustc_index_macros"
version = "0.53.0"
source = "registry+https://github.com/rust-lang/crates.io-index"
checksum = "82f3d6dcb30a66905388e14756b8f2216131d9f8004922c07f13335840e058d1"
dependencies = [
 "proc-macro2",
 "quote",
 "syn",
 "synstructure",
]

[[package]]
name = "ra-ap-rustc_lexer"
version = "0.53.0"
source = "registry+https://github.com/rust-lang/crates.io-index"
checksum = "dbd8a2b0bdcba9892cbce0b25f6c953d31b0febc1f3420fc692884fce5a23ad8"
dependencies = [
 "unicode-properties",
 "unicode-xid",
]

[[package]]
name = "ra-ap-rustc_parse_format"
version = "0.53.0"
source = "registry+https://github.com/rust-lang/crates.io-index"
checksum = "70dad7a491c2554590222e0c9212dcb7c2e7aceb668875075012a35ea780d135"
dependencies = [
 "ra-ap-rustc_index 0.53.0",
 "ra-ap-rustc_lexer",
]

[[package]]
name = "ra-ap-rustc_pattern_analysis"
version = "0.44.0"
source = "registry+https://github.com/rust-lang/crates.io-index"
checksum = "d63d1e1d5b2a13273cee1a10011147418f40e12b70f70578ce1dee0f1cafc334"
dependencies = [
 "ra-ap-rustc_index 0.44.0",
 "rustc-hash",
 "rustc_apfloat",
 "smallvec",
 "tracing",
]

[[package]]
name = "ra_ap_base_db"
version = "0.0.218"
source = "registry+https://github.com/rust-lang/crates.io-index"
checksum = "e7e87bb4b6163523eb36ab6a88ac46601a191b6f5958c60dd57bc2bcf1bf6e23"
dependencies = [
 "la-arena",
 "lz4_flex",
 "ra_ap_cfg",
 "ra_ap_salsa",
 "ra_ap_span",
 "ra_ap_stdx",
 "ra_ap_syntax",
 "ra_ap_vfs",
 "rustc-hash",
 "semver",
 "tracing",
 "triomphe",
]

[[package]]
name = "ra_ap_cfg"
version = "0.0.218"
source = "registry+https://github.com/rust-lang/crates.io-index"
checksum = "767982aa579c575d30177ffdef9369bc8875802a904cf5aca446c741dac9d391"
dependencies = [
 "ra_ap_tt",
 "rustc-hash",
]

[[package]]
name = "ra_ap_hir"
version = "0.0.218"
source = "registry+https://github.com/rust-lang/crates.io-index"
checksum = "4aff7a487c1283a9f5566b8f8c8b76f15192ad8a3a9d77a466f39dbc734c3b26"
dependencies = [
 "arrayvec",
 "either",
 "itertools",
 "once_cell",
 "ra_ap_base_db",
 "ra_ap_cfg",
 "ra_ap_hir_def",
 "ra_ap_hir_expand",
 "ra_ap_hir_ty",
 "ra_ap_span",
 "ra_ap_stdx",
 "ra_ap_syntax",
 "ra_ap_tt",
 "rustc-hash",
 "smallvec",
 "tracing",
 "triomphe",
]

[[package]]
name = "ra_ap_hir_def"
version = "0.0.218"
source = "registry+https://github.com/rust-lang/crates.io-index"
checksum = "bea3157ab9dc94276a33de51b977f80883ef667eb9a0888bafb77362c5a41b68"
dependencies = [
 "arrayvec",
 "bitflags 2.5.0",
 "cov-mark",
 "dashmap",
 "drop_bomb",
 "either",
 "fst",
 "hashbrown",
 "indexmap",
 "itertools",
 "la-arena",
 "once_cell",
 "ra-ap-rustc_abi",
 "ra-ap-rustc_parse_format",
 "ra_ap_base_db",
 "ra_ap_cfg",
 "ra_ap_hir_expand",
 "ra_ap_intern",
 "ra_ap_limit",
 "ra_ap_mbe",
 "ra_ap_profile",
 "ra_ap_span",
 "ra_ap_stdx",
 "ra_ap_syntax",
 "ra_ap_tt",
 "rustc-hash",
 "smallvec",
 "tracing",
 "triomphe",
]

[[package]]
name = "ra_ap_hir_expand"
version = "0.0.218"
source = "registry+https://github.com/rust-lang/crates.io-index"
checksum = "6a8e9cd1b6ed1be1516a0e86946891ca912831b0c07b01411aaf4d42e61cf581"
dependencies = [
 "cov-mark",
 "either",
 "hashbrown",
 "itertools",
 "la-arena",
 "ra_ap_base_db",
 "ra_ap_cfg",
 "ra_ap_intern",
 "ra_ap_limit",
 "ra_ap_mbe",
 "ra_ap_parser",
 "ra_ap_span",
 "ra_ap_stdx",
 "ra_ap_syntax",
 "ra_ap_tt",
 "rustc-hash",
 "smallvec",
 "tracing",
 "triomphe",
]

[[package]]
name = "ra_ap_hir_ty"
version = "0.0.218"
source = "registry+https://github.com/rust-lang/crates.io-index"
checksum = "17c0c402a153d2af121b7d864d04d5cf544cbb10b44658315c3f7b224dba097a"
dependencies = [
 "arrayvec",
 "bitflags 2.5.0",
 "chalk-derive",
 "chalk-ir",
 "chalk-recursive",
 "chalk-solve",
 "cov-mark",
 "either",
 "ena",
 "indexmap",
 "itertools",
 "la-arena",
 "nohash-hasher",
 "once_cell",
 "oorandom",
 "ra-ap-rustc_abi",
 "ra-ap-rustc_index 0.53.0",
 "ra-ap-rustc_pattern_analysis",
 "ra_ap_base_db",
 "ra_ap_hir_def",
 "ra_ap_hir_expand",
 "ra_ap_intern",
 "ra_ap_limit",
 "ra_ap_span",
 "ra_ap_stdx",
 "ra_ap_syntax",
 "rustc-hash",
 "scoped-tls",
 "smallvec",
 "tracing",
 "triomphe",
 "typed-arena",
]

[[package]]
name = "ra_ap_intern"
version = "0.0.218"
source = "registry+https://github.com/rust-lang/crates.io-index"
checksum = "1d3e7e95a10300f7e42e0175b415ef74ef1ebf6302b1aa387fbbae12e39ea4b0"
dependencies = [
 "dashmap",
 "hashbrown",
 "rustc-hash",
 "triomphe",
]

[[package]]
name = "ra_ap_limit"
version = "0.0.218"
source = "registry+https://github.com/rust-lang/crates.io-index"
checksum = "044a566b107d94c1cdf5f0ca94a34abbda390594a62c52ade40eb28a4b2514cb"

[[package]]
name = "ra_ap_mbe"
version = "0.0.218"
source = "registry+https://github.com/rust-lang/crates.io-index"
checksum = "227fb58aac13b7da94d8a13c413fad005a0e580cfcef3621071a1ebd7120f6f5"
dependencies = [
 "cov-mark",
 "ra_ap_parser",
 "ra_ap_span",
 "ra_ap_stdx",
 "ra_ap_syntax",
 "ra_ap_tt",
 "rustc-hash",
 "smallvec",
 "tracing",
]

[[package]]
name = "ra_ap_parser"
version = "0.0.218"
source = "registry+https://github.com/rust-lang/crates.io-index"
checksum = "fc42dd00e7bf2f471aecd7b060a3e637d9ec0298d997782aa2f4c7ca16c0ceaa"
dependencies = [
 "drop_bomb",
 "ra-ap-rustc_lexer",
 "ra_ap_limit",
 "tracing",
]

[[package]]
name = "ra_ap_paths"
version = "0.0.218"
source = "registry+https://github.com/rust-lang/crates.io-index"
checksum = "607671226b28eff5fd033e37b6a6b0b9e8a3a83e2422b5674365aa3351f030ff"
dependencies = [
 "camino",
]

[[package]]
name = "ra_ap_profile"
version = "0.0.218"
source = "registry+https://github.com/rust-lang/crates.io-index"
checksum = "b9bc24be9e73e0ab8493d76f7597cd09e6fcb231063f5c5afca6beae32174dd4"
dependencies = [
 "cfg-if",
 "countme",
 "la-arena",
 "libc",
 "once_cell",
 "perf-event",
 "tracing",
 "windows-sys 0.52.0",
]

[[package]]
name = "ra_ap_project_model"
version = "0.0.218"
source = "registry+https://github.com/rust-lang/crates.io-index"
checksum = "52ab0aec2041e1231780164350e9812ecdf9ba55447e5ec7dd6737dcc2a052f7"
dependencies = [
 "anyhow",
 "cargo_metadata",
 "itertools",
 "la-arena",
 "ra_ap_base_db",
 "ra_ap_cfg",
 "ra_ap_paths",
 "ra_ap_span",
 "ra_ap_stdx",
 "ra_ap_toolchain",
 "rustc-hash",
 "semver",
 "serde",
 "serde_json",
 "tracing",
 "triomphe",
]

[[package]]
name = "ra_ap_salsa"
version = "0.0.218"
source = "registry+https://github.com/rust-lang/crates.io-index"
checksum = "5165245c6685605b20ecd6405297f66d485ac0d50e24bbcf533c1997a8266d6a"
dependencies = [
 "indexmap",
 "itertools",
 "lock_api",
 "oorandom",
 "parking_lot",
 "ra_ap_salsa-macros",
 "rustc-hash",
 "smallvec",
 "tracing",
 "triomphe",
]

[[package]]
name = "ra_ap_salsa-macros"
version = "0.0.218"
source = "registry+https://github.com/rust-lang/crates.io-index"
checksum = "9c0967b00c3f8882be56c9051d65bacf4a32c5d327487391dd297c2e6b0f177a"
dependencies = [
 "heck",
 "proc-macro2",
 "quote",
 "syn",
]

[[package]]
name = "ra_ap_span"
version = "0.0.218"
source = "registry+https://github.com/rust-lang/crates.io-index"
checksum = "50668f5d97af43be50c0c0d8f939f4673765c9ac67bb2c54c7d9283f3766fcb3"
dependencies = [
 "hashbrown",
 "la-arena",
 "ra_ap_salsa",
 "ra_ap_stdx",
 "ra_ap_syntax",
 "ra_ap_vfs",
 "rustc-hash",
 "text-size",
]

[[package]]
name = "ra_ap_stdx"
version = "0.0.218"
source = "registry+https://github.com/rust-lang/crates.io-index"
checksum = "d79c770b6dfe23a839ebdbf62bcedf81c2733fae690029909fd6477cd5a4e8a3"
dependencies = [
 "always-assert",
 "crossbeam-channel",
 "itertools",
 "jod-thread",
 "libc",
 "miow",
 "windows-sys 0.52.0",
]

[[package]]
name = "ra_ap_syntax"
version = "0.0.218"
source = "registry+https://github.com/rust-lang/crates.io-index"
checksum = "6eea4e1097d71ac98316a9afe8260600a8151ff769de64892e1ffed480c2ecad"
dependencies = [
 "cov-mark",
 "either",
 "indexmap",
 "itertools",
 "once_cell",
 "ra-ap-rustc_lexer",
 "ra_ap_parser",
 "ra_ap_stdx",
 "ra_ap_text_edit",
 "rowan",
 "rustc-hash",
 "smol_str",
 "tracing",
 "triomphe",
]

[[package]]
name = "ra_ap_text_edit"
version = "0.0.218"
source = "registry+https://github.com/rust-lang/crates.io-index"
checksum = "6bcb2fb2715cfd4740747c645faa134256650f236c9ef4c9c756aa98c86c7162"
dependencies = [
 "itertools",
 "text-size",
]

[[package]]
name = "ra_ap_toolchain"
version = "0.0.218"
source = "registry+https://github.com/rust-lang/crates.io-index"
checksum = "53393fc4d85057bcca4dd2d7fa24929a094bb94712980814695f56cb9aa0b1e2"
dependencies = [
 "camino",
 "home",
]

[[package]]
name = "ra_ap_tt"
version = "0.0.218"
source = "registry+https://github.com/rust-lang/crates.io-index"
checksum = "2ed40b2a0ead383a3c447977766007c75f71d3e2c7e965304c9231c0b65c6532"
dependencies = [
 "ra_ap_stdx",
 "smol_str",
 "text-size",
]

[[package]]
name = "ra_ap_vfs"
version = "0.0.218"
source = "registry+https://github.com/rust-lang/crates.io-index"
checksum = "12c99a208584afa41084eec69d2a6e9d6b84c76f6691143565ded3cb8e411d2b"
dependencies = [
 "fst",
 "indexmap",
 "nohash-hasher",
 "ra_ap_paths",
 "ra_ap_stdx",
 "rustc-hash",
 "tracing",
]

[[package]]
name = "redox_syscall"
version = "0.5.1"
source = "registry+https://github.com/rust-lang/crates.io-index"
checksum = "469052894dcb553421e483e4209ee581a45100d31b4018de03e5a7ad86374a7e"
dependencies = [
 "bitflags 2.5.0",
]

[[package]]
name = "regex"
version = "1.10.4"
source = "registry+https://github.com/rust-lang/crates.io-index"
checksum = "c117dbdfde9c8308975b6a18d71f3f385c89461f7b3fb054288ecf2a2058ba4c"
dependencies = [
 "aho-corasick",
 "memchr",
 "regex-automata",
 "regex-syntax",
]

[[package]]
name = "regex-automata"
version = "0.4.6"
source = "registry+https://github.com/rust-lang/crates.io-index"
checksum = "86b83b8b9847f9bf95ef68afb0b8e6cdb80f498442f5179a29fad448fcc1eaea"
dependencies = [
 "aho-corasick",
 "memchr",
 "regex-syntax",
]

[[package]]
name = "regex-syntax"
version = "0.8.3"
source = "registry+https://github.com/rust-lang/crates.io-index"
checksum = "adad44e29e4c806119491a7f06f03de4d1af22c3a680dd47f1e6e179439d1f56"

[[package]]
name = "rowan"
version = "0.15.15"
source = "registry+https://github.com/rust-lang/crates.io-index"
checksum = "32a58fa8a7ccff2aec4f39cc45bf5f985cec7125ab271cf681c279fd00192b49"
dependencies = [
 "countme",
 "hashbrown",
 "memoffset",
 "rustc-hash",
 "text-size",
]

[[package]]
name = "rust_syntax"
version = "0.1.0"
dependencies = [
 "godot",
 "ra_ap_base_db",
 "ra_ap_hir",
 "ra_ap_hir_def",
 "ra_ap_hir_expand",
 "ra_ap_hir_ty",
 "ra_ap_project_model",
 "ra_ap_syntax",
 "ra_ap_vfs",
 "serde",
 "serde_json",
]

[[package]]
name = "rustc-hash"
version = "1.1.0"
source = "registry+https://github.com/rust-lang/crates.io-index"
checksum = "08d43f7aa6b08d49f382cde6a7982047c3426db949b1424bc4b7ec9ae12c6ce2"

[[package]]
name = "rustc_apfloat"
version = "0.2.0+llvm-462a31f5a5ab"
source = "registry+https://github.com/rust-lang/crates.io-index"
checksum = "465187772033a5ee566f69fe008df03628fce549a0899aae76f0a0c2e34696be"
dependencies = [
 "bitflags 1.3.2",
 "smallvec",
]

[[package]]
name = "ryu"
version = "1.0.18"
source = "registry+https://github.com/rust-lang/crates.io-index"
checksum = "f3cb5ba0dc43242ce17de99c180e96db90b235b8a9fdc9543c96d2209116bd9f"

[[package]]
name = "scoped-tls"
version = "1.0.1"
source = "registry+https://github.com/rust-lang/crates.io-index"
checksum = "e1cf6437eb19a8f4a6cc0f7dca544973b0b78843adbfeb3683d1a94a0024a294"

[[package]]
name = "scopeguard"
version = "1.2.0"
source = "registry+https://github.com/rust-lang/crates.io-index"
checksum = "94143f37725109f92c262ed2cf5e59bce7498c01bcc1502d7b9afe439a4e9f49"

[[package]]
name = "semver"
version = "1.0.23"
source = "registry+https://github.com/rust-lang/crates.io-index"
checksum = "61697e0a1c7e512e84a621326239844a24d8207b4669b41bc18b32ea5cbf988b"
dependencies = [
 "serde",
]

[[package]]
name = "serde"
version = "1.0.203"
source = "registry+https://github.com/rust-lang/crates.io-index"
checksum = "7253ab4de971e72fb7be983802300c30b5a7f0c2e56fab8abfc6a214307c0094"
dependencies = [
 "serde_derive",
]

[[package]]
name = "serde_derive"
version = "1.0.203"
source = "registry+https://github.com/rust-lang/crates.io-index"
checksum = "500cbc0ebeb6f46627f50f3f5811ccf6bf00643be300b4c3eabc0ef55dc5b5ba"
dependencies = [
 "proc-macro2",
 "quote",
 "syn",
]

[[package]]
name = "serde_json"
version = "1.0.117"
source = "registry+https://github.com/rust-lang/crates.io-index"
checksum = "455182ea6142b14f93f4bc5320a2b31c1f266b66a4a5c858b013302a5d8cbfc3"
dependencies = [
 "itoa",
 "ryu",
 "serde",
]

[[package]]
name = "smallvec"
version = "1.13.2"
source = "registry+https://github.com/rust-lang/crates.io-index"
checksum = "3c5e1a9a646d36c3599cd173a41282daf47c44583ad367b8e6837255952e5c67"

[[package]]
name = "smol_str"
version = "0.2.2"
source = "registry+https://github.com/rust-lang/crates.io-index"
checksum = "dd538fb6910ac1099850255cf94a94df6551fbdd602454387d0adb2d1ca6dead"
dependencies = [
 "serde",
]

[[package]]
name = "stable_deref_trait"
version = "1.2.0"
source = "registry+https://github.com/rust-lang/crates.io-index"
checksum = "a8f112729512f8e442d81f95a8a7ddf2b7c6b8a1a6f509a95864142b30cab2d3"

[[package]]
name = "syn"
version = "2.0.66"
source = "registry+https://github.com/rust-lang/crates.io-index"
checksum = "c42f3f41a2de00b01c0aaad383c5a45241efc8b2d1eda5661812fda5f3cdcff5"
dependencies = [
 "proc-macro2",
 "quote",
 "unicode-ident",
]

[[package]]
name = "synstructure"
version = "0.13.1"
source = "registry+https://github.com/rust-lang/crates.io-index"
checksum = "c8af7666ab7b6390ab78131fb5b0fce11d6b7a6951602017c35fa82800708971"
dependencies = [
 "proc-macro2",
 "quote",
 "syn",
]

[[package]]
name = "text-size"
version = "1.1.1"
source = "registry+https://github.com/rust-lang/crates.io-index"
checksum = "f18aa187839b2bdb1ad2fa35ead8c4c2976b64e4363c386d45ac0f7ee85c9233"

[[package]]
name = "thiserror"
version = "1.0.61"
source = "registry+https://github.com/rust-lang/crates.io-index"
checksum = "c546c80d6be4bc6a00c0f01730c08df82eaa7a7a61f11d656526506112cc1709"
dependencies = [
 "thiserror-impl",
]

[[package]]
name = "thiserror-impl"
version = "1.0.61"
source = "registry+https://github.com/rust-lang/crates.io-index"
checksum = "46c3384250002a6d5af4d114f2845d37b57521033f30d5c3f46c4d70e1197533"
dependencies = [
 "proc-macro2",
 "quote",
 "syn",
]

[[package]]
name = "tracing"
version = "0.1.40"
source = "registry+https://github.com/rust-lang/crates.io-index"
checksum = "c3523ab5a71916ccf420eebdf5521fcef02141234bbc0b8a49f2fdc4544364ef"
dependencies = [
 "pin-project-lite",
 "tracing-attributes",
 "tracing-core",
]

[[package]]
name = "tracing-attributes"
version = "0.1.27"
source = "registry+https://github.com/rust-lang/crates.io-index"
checksum = "34704c8d6ebcbc939824180af020566b01a7c01f80641264eba0999f6c2b6be7"
dependencies = [
 "proc-macro2",
 "quote",
 "syn",
]

[[package]]
name = "tracing-core"
version = "0.1.32"
source = "registry+https://github.com/rust-lang/crates.io-index"
checksum = "c06d3da6113f116aaee68e4d601191614c9053067f9ab7f6edbcb161237daa54"
dependencies = [
 "once_cell",
]

[[package]]
name = "triomphe"
version = "0.1.12"
source = "registry+https://github.com/rust-lang/crates.io-index"
checksum = "1b2cb4fbb9995eeb36ac86fadf24031ccd58f99d6b4b2d7b911db70bddb80d90"
dependencies = [
 "serde",
 "stable_deref_trait",
]

[[package]]
name = "typed-arena"
version = "2.0.2"
source = "registry+https://github.com/rust-lang/crates.io-index"
checksum = "6af6ae20167a9ece4bcb41af5b80f8a1f1df981f6391189ce00fd257af04126a"

[[package]]
name = "unicode-ident"
version = "1.0.12"
source = "registry+https://github.com/rust-lang/crates.io-index"
checksum = "3354b9ac3fae1ff6755cb6db53683adb661634f67557942dea4facebec0fee4b"

[[package]]
name = "unicode-properties"
version = "0.1.1"
source = "registry+https://github.com/rust-lang/crates.io-index"
checksum = "e4259d9d4425d9f0661581b804cb85fe66a4c631cadd8f490d1c13a35d5d9291"

[[package]]
name = "unicode-xid"
version = "0.2.4"
source = "registry+https://github.com/rust-lang/crates.io-index"
checksum = "f962df74c8c05a667b5ee8bcf162993134c104e96440b663c8daa176dc772d8c"

[[package]]
name = "uuid"
version = "1.8.0"
source = "registry+https://github.com/rust-lang/crates.io-index"
checksum = "a183cf7feeba97b4dd1c0d46788634f6221d87fa961b305bed08c851829efcc0"
dependencies = [
 "getrandom",
]

[[package]]
name = "venial"
version = "0.6.0"
source = "registry+https://github.com/rust-lang/crates.io-index"
checksum = "6816bc32f30bf8dd1b3adb04de8406c7bf187d2f923bd9e4c0b99365d012613f"
dependencies = [
 "proc-macro2",
 "quote",
]

[[package]]
name = "wasi"
version = "0.11.0+wasi-snapshot-preview1"
source = "registry+https://github.com/rust-lang/crates.io-index"
checksum = "9c8d87e72b64a3b4db28d11ce29237c246188f4f51057d65a7eab63b7987e423"

[[package]]
name = "windows-sys"
version = "0.48.0"
source = "registry+https://github.com/rust-lang/crates.io-index"
checksum = "677d2418bec65e3338edb076e806bc1ec15693c5d0104683f2efe857f61056a9"
dependencies = [
 "windows-targets 0.48.5",
]

[[package]]
name = "windows-sys"
version = "0.52.0"
source = "registry+https://github.com/rust-lang/crates.io-index"
checksum = "282be5f36a8ce781fad8c8ae18fa3f9beff57ec1b52cb3de0789201425d9a33d"
dependencies = [
 "windows-targets 0.52.5",
]

[[package]]
name = "windows-targets"
version = "0.48.5"
source = "registry+https://github.com/rust-lang/crates.io-index"
checksum = "9a2fa6e2155d7247be68c096456083145c183cbbbc2764150dda45a87197940c"
dependencies = [
 "windows_aarch64_gnullvm 0.48.5",
 "windows_aarch64_msvc 0.48.5",
 "windows_i686_gnu 0.48.5",
 "windows_i686_msvc 0.48.5",
 "windows_x86_64_gnu 0.48.5",
 "windows_x86_64_gnullvm 0.48.5",
 "windows_x86_64_msvc 0.48.5",
]

[[package]]
name = "windows-targets"
version = "0.52.5"
source = "registry+https://github.com/rust-lang/crates.io-index"
checksum = "6f0713a46559409d202e70e28227288446bf7841d3211583a4b53e3f6d96e7eb"
dependencies = [
 "windows_aarch64_gnullvm 0.52.5",
 "windows_aarch64_msvc 0.52.5",
 "windows_i686_gnu 0.52.5",
 "windows_i686_gnullvm",
 "windows_i686_msvc 0.52.5",
 "windows_x86_64_gnu 0.52.5",
 "windows_x86_64_gnullvm 0.52.5",
 "windows_x86_64_msvc 0.52.5",
]

[[package]]
name = "windows_aarch64_gnullvm"
version = "0.48.5"
source = "registry+https://github.com/rust-lang/crates.io-index"
checksum = "2b38e32f0abccf9987a4e3079dfb67dcd799fb61361e53e2882c3cbaf0d905d8"

[[package]]
name = "windows_aarch64_gnullvm"
version = "0.52.5"
source = "registry+https://github.com/rust-lang/crates.io-index"
checksum = "7088eed71e8b8dda258ecc8bac5fb1153c5cffaf2578fc8ff5d61e23578d3263"

[[package]]
name = "windows_aarch64_msvc"
version = "0.48.5"
source = "registry+https://github.com/rust-lang/crates.io-index"
checksum = "dc35310971f3b2dbbf3f0690a219f40e2d9afcf64f9ab7cc1be722937c26b4bc"

[[package]]
name = "windows_aarch64_msvc"
version = "0.52.5"
source = "registry+https://github.com/rust-lang/crates.io-index"
checksum = "9985fd1504e250c615ca5f281c3f7a6da76213ebd5ccc9561496568a2752afb6"

[[package]]
name = "windows_i686_gnu"
version = "0.48.5"
source = "registry+https://github.com/rust-lang/crates.io-index"
checksum = "a75915e7def60c94dcef72200b9a8e58e5091744960da64ec734a6c6e9b3743e"

[[package]]
name = "windows_i686_gnu"
version = "0.52.5"
source = "registry+https://github.com/rust-lang/crates.io-index"
checksum = "88ba073cf16d5372720ec942a8ccbf61626074c6d4dd2e745299726ce8b89670"

[[package]]
name = "windows_i686_gnullvm"
version = "0.52.5"
source = "registry+https://github.com/rust-lang/crates.io-index"
checksum = "87f4261229030a858f36b459e748ae97545d6f1ec60e5e0d6a3d32e0dc232ee9"

[[package]]
name = "windows_i686_msvc"
version = "0.48.5"
source = "registry+https://github.com/rust-lang/crates.io-index"
checksum = "8f55c233f70c4b27f66c523580f78f1004e8b5a8b659e05a4eb49d4166cca406"

[[package]]
name = "windows_i686_msvc"
version = "0.52.5"
source = "registry+https://github.com/rust-lang/crates.io-index"
checksum = "db3c2bf3d13d5b658be73463284eaf12830ac9a26a90c717b7f771dfe97487bf"

[[package]]
name = "windows_x86_64_gnu"
version = "0.48.5"
source = "registry+https://github.com/rust-lang/crates.io-index"
checksum = "53d40abd2583d23e4718fddf1ebec84dbff8381c07cae67ff7768bbf19c6718e"

[[package]]
name = "windows_x86_64_gnu"
version = "0.52.5"
source = "registry+https://github.com/rust-lang/crates.io-index"
checksum = "4e4246f76bdeff09eb48875a0fd3e2af6aada79d409d33011886d3e1581517d9"

[[package]]
name = "windows_x86_64_gnullvm"
version = "0.48.5"
source = "registry+https://github.com/rust-lang/crates.io-index"
checksum = "0b7b52767868a23d5bab768e390dc5f5c55825b6d30b86c844ff2dc7414044cc"

[[package]]
name = "windows_x86_64_gnullvm"
version = "0.52.5"
source = "registry+https://github.com/rust-lang/crates.io-index"
checksum = "852298e482cd67c356ddd9570386e2862b5673c85bd5f88df9ab6802b334c596"

[[package]]
name = "windows_x86_64_msvc"
version = "0.48.5"
source = "registry+https://github.com/rust-lang/crates.io-index"
checksum = "ed94fce61571a4006852b7389a063ab983c02eb1bb37b47f8272ce92d06d9538"

[[package]]
name = "windows_x86_64_msvc"
version = "0.52.5"
source = "registry+https://github.com/rust-lang/crates.io-index"
checksum = "bec47e5bfd1bff0eeaf6d8b485cc1074891a197ab4225d504cb7a1ab88b02bf0"
